{
  "name": "resource-finder",
  "version": "1.0.0",
  "lockfileVersion": 3,
  "requires": true,
  "packages": {
    "": {
      "name": "resource-finder",
      "version": "1.0.0",
      "license": "ISC",
      "dependencies": {
        "@nodelib/fs.walk": "^2.0.0"
      },
      "devDependencies": {
        "@types/node": "^22.9.0",
        "typescript": "^5.6.3"
      }
    },
    "node_modules/@nodelib/fs.scandir": {
      "version": "3.0.0",
      "resolved": "https://artifacts.platform.q4inc.com/artifactory/api/npm/npm-capital-connect-platform-virtual/@nodelib/fs.scandir/-/fs.scandir-3.0.0.tgz",
      "integrity": "sha512-ktI9+PxfHYtKjF3cLTUAh2N+b8MijCRPNwKJNqTVdL0gB0QxLU2rIRaZ1t71oEa3YBDE6bukH1sR0+CDnpp/Mg==",
      "license": "MIT",
      "dependencies": {
        "@nodelib/fs.stat": "3.0.0",
        "run-parallel": "^1.2.0"
      },
      "engines": {
        "node": ">=16.14.0"
      }
    },
    "node_modules/@nodelib/fs.stat": {
      "version": "3.0.0",
      "resolved": "https://artifacts.platform.q4inc.com/artifactory/api/npm/npm-capital-connect-platform-virtual/@nodelib/fs.stat/-/fs.stat-3.0.0.tgz",
      "integrity": "sha512-2tQOI38s19P9i7X/Drt0v8iMA+KMsgdhB/dyPER+e+2Y8L1Z7QvnuRdW/uLuf5YRFUYmnj4bMA6qCuZHFI1GDQ==",
      "license": "MIT",
      "engines": {
        "node": ">=16.14.0"
      }
    },
    "node_modules/@nodelib/fs.walk": {
      "version": "2.0.0",
      "resolved": "https://artifacts.platform.q4inc.com/artifactory/api/npm/npm-capital-connect-platform-virtual/@nodelib/fs.walk/-/fs.walk-2.0.0.tgz",
      "integrity": "sha512-54voNDBobGdMl3BUXSu7UaDh1P85PGHWlJ5e0XhPugo1JulOyCtp2I+5ri4wplGDJ8QGwPEQW7/x3yTLU7yF1A==",
      "license": "MIT",
      "dependencies": {
        "@nodelib/fs.scandir": "3.0.0",
        "fastq": "^1.15.0"
      },
      "engines": {
        "node": ">=16.14.0"
      }
    },
    "node_modules/@types/node": {
      "version": "22.9.0",
      "resolved": "https://artifacts.platform.q4inc.com/artifactory/api/npm/npm-capital-connect-platform-virtual/@types/node/-/node-22.9.0.tgz",
      "integrity": "sha512-vuyHg81vvWA1Z1ELfvLko2c8f34gyA0zaic0+Rllc5lbCnbSyuvb2Oxpm6TAUAC/2xZN3QGqxBNggD1nNR2AfQ==",
      "dev": true,
      "license": "MIT",
      "dependencies": {
        "undici-types": "~6.19.8"
      }
    },
    "node_modules/fastq": {
      "version": "1.17.1",
      "resolved": "https://artifacts.platform.q4inc.com/artifactory/api/npm/npm-capital-connect-platform-virtual/fastq/-/fastq-1.17.1.tgz",
      "integrity": "sha512-sRVD3lWVIXWg6By68ZN7vho9a1pQcN/WBFaAAsDDFzlJjvoGx0P8z7V1t72grFJfJhu3YPZBuu25f7Kaw2jN1w==",
      "license": "ISC",
      "dependencies": {
        "reusify": "^1.0.4"
      }
    },
    "node_modules/queue-microtask": {
      "version": "1.2.3",
      "resolved": "https://artifacts.platform.q4inc.com/artifactory/api/npm/npm-capital-connect-platform-virtual/queue-microtask/-/queue-microtask-1.2.3.tgz",
      "integrity": "sha512-NuaNSa6flKT5JaSYQzJok04JzTL1CA6aGhv5rfLW3PgqA+M2ChpZQnAC8h8i4ZFkBS8X5RqkDBHA7r4hej3K9A==",
      "funding": [
        {
          "type": "github",
          "url": "https://github.com/sponsors/feross"
        },
        {
          "type": "patreon",
          "url": "https://www.patreon.com/feross"
        },
        {
          "type": "consulting",
          "url": "https://feross.org/support"
        }
      ],
      "license": "MIT"
    },
    "node_modules/reusify": {
      "version": "1.0.4",
      "resolved": "https://artifacts.platform.q4inc.com/artifactory/api/npm/npm-capital-connect-platform-virtual/reusify/-/reusify-1.0.4.tgz",
      "integrity": "sha512-U9nH88a3fc/ekCF1l0/UP1IosiuIjyTh7hBvXVMHYgVcfGvt897Xguj2UOLDeI5BG2m7/uwyaLVT6fbtCwTyzw==",
      "license": "MIT",
      "engines": {
        "iojs": ">=1.0.0",
        "node": ">=0.10.0"
      }
    },
    "node_modules/run-parallel": {
      "version": "1.2.0",
      "resolved": "https://artifacts.platform.q4inc.com/artifactory/api/npm/npm-capital-connect-platform-virtual/run-parallel/-/run-parallel-1.2.0.tgz",
      "integrity": "sha512-5l4VyZR86LZ/lDxZTR6jqL8AFE2S0IFLMP26AbjsLVADxHdhB/c0GUsH+y39UfCi3dzz8OlQuPmnaJOMoDHQBA==",
      "funding": [
        {
          "type": "github",
          "url": "https://github.com/sponsors/feross"
        },
        {
          "type": "patreon",
          "url": "https://www.patreon.com/feross"
        },
        {
          "type": "consulting",
          "url": "https://feross.org/support"
        }
      ],
      "license": "MIT",
      "dependencies": {
        "queue-microtask": "^1.2.2"
      }
    },
    "node_modules/typescript": {
      "version": "5.6.3",
      "resolved": "https://artifacts.platform.q4inc.com/artifactory/api/npm/npm-capital-connect-platform-virtual/typescript/-/typescript-5.6.3.tgz",
      "integrity": "sha512-hjcS1mhfuyi4WW8IWtjP7brDrG2cuDZukyrYrSauoXGNgx0S7zceP07adYkJycEr56BOUTNPzbInooiN3fn1qw==",
      "dev": true,
      "license": "Apache-2.0",
      "bin": {
        "tsc": "bin/tsc",
        "tsserver": "bin/tsserver"
      },
      "engines": {
        "node": ">=14.17"
      }
    },
    "node_modules/undici-types": {
      "version": "6.19.8",
      "resolved": "https://artifacts.platform.q4inc.com/artifactory/api/npm/npm-capital-connect-platform-virtual/undici-types/-/undici-types-6.19.8.tgz",
      "integrity": "sha512-ve2KP6f/JnbPBFyobGHuerC9g1FYGn/F8n1LWTwNxCEzd6IfqTwUQcNXgEtmmQ6DlRrC1hrSrBnCZPokRrDHjw==",
      "dev": true,
      "license": "MIT"
    }
  }
}
